// !$*UTF8*$!
{
	archiveVersion = 1;
	classes = {
	};
	objectVersion = 55;
	objects = {

/* Begin PBXBuildFile section */
		8B8E440C28702BE80043EBA2 /* AppDelegate.swift in Sources */ = {isa = PBXBuildFile; fileRef = 8B8E440B28702BE80043EBA2 /* AppDelegate.swift */; };
		8B8E440E28702BE80043EBA2 /* SceneDelegate.swift in Sources */ = {isa = PBXBuildFile; fileRef = 8B8E440D28702BE80043EBA2 /* SceneDelegate.swift */; };
		8B8E441028702BE80043EBA2 /* ViewController.swift in Sources */ = {isa = PBXBuildFile; fileRef = 8B8E440F28702BE80043EBA2 /* ViewController.swift */; };
		8B8E441328702BE80043EBA2 /* Main.storyboard in Resources */ = {isa = PBXBuildFile; fileRef = 8B8E441128702BE80043EBA2 /* Main.storyboard */; };
		8B8E441528702BEC0043EBA2 /* Assets.xcassets in Resources */ = {isa = PBXBuildFile; fileRef = 8B8E441428702BEC0043EBA2 /* Assets.xcassets */; };
		8B8E441828702BEC0043EBA2 /* LaunchScreen.storyboard in Resources */ = {isa = PBXBuildFile; fileRef = 8B8E441628702BEC0043EBA2 /* LaunchScreen.storyboard */; };
		8B8E442328702BEC0043EBA2 /* TechnicalTestTests.swift in Sources */ = {isa = PBXBuildFile; fileRef = 8B8E442228702BEC0043EBA2 /* TechnicalTestTests.swift */; };
		8B8E442D28702BEC0043EBA2 /* TechnicalTestUITests.swift in Sources */ = {isa = PBXBuildFile; fileRef = 8B8E442C28702BEC0043EBA2 /* TechnicalTestUITests.swift */; };
		8B8E442F28702BEC0043EBA2 /* TechnicalTestUITestsLaunchTests.swift in Sources */ = {isa = PBXBuildFile; fileRef = 8B8E442E28702BEC0043EBA2 /* TechnicalTestUITestsLaunchTests.swift */; };
/* End PBXBuildFile section */

/* Begin PBXContainerItemProxy section */
		8B8E441F28702BEC0043EBA2 /* PBXContainerItemProxy */ = {
			isa = PBXContainerItemProxy;
			containerPortal = 8B8E440028702BE80043EBA2 /* Project object */;
			proxyType = 1;
			remoteGlobalIDString = 8B8E440728702BE80043EBA2;
			remoteInfo = TechnicalTest;
		};
		8B8E442928702BEC0043EBA2 /* PBXContainerItemProxy */ = {
			isa = PBXContainerItemProxy;
			containerPortal = 8B8E440028702BE80043EBA2 /* Project object */;
			proxyType = 1;
			remoteGlobalIDString = 8B8E440728702BE80043EBA2;
			remoteInfo = TechnicalTest;
		};
/* End PBXContainerItemProxy section */

/* Begin PBXFileReference section */
		8B8E440828702BE80043EBA2 /* TechnicalTest.app */ = {isa = PBXFileReference; explicitFileType = wrapper.application; includeInIndex = 0; path = TechnicalTest.app; sourceTree = BUILT_PRODUCTS_DIR; };
		8B8E440B28702BE80043EBA2 /* AppDelegate.swift */ = {isa = PBXFileReference; lastKnownFileType = sourcecode.swift; path = AppDelegate.swift; sourceTree = "<group>"; };
		8B8E440D28702BE80043EBA2 /* SceneDelegate.swift */ = {isa = PBXFileReference; lastKnownFileType = sourcecode.swift; path = SceneDelegate.swift; sourceTree = "<group>"; };
		8B8E440F28702BE80043EBA2 /* ViewController.swift */ = {isa = PBXFileReference; lastKnownFileType = sourcecode.swift; path = ViewController.swift; sourceTree = "<group>"; };
		8B8E441228702BE80043EBA2 /* Base */ = {isa = PBXFileReference; lastKnownFileType = file.storyboard; name = Base; path = Base.lproj/Main.storyboard; sourceTree = "<group>"; };
		8B8E441428702BEC0043EBA2 /* Assets.xcassets */ = {isa = PBXFileReference; lastKnownFileType = folder.assetcatalog; path = Assets.xcassets; sourceTree = "<group>"; };
		8B8E441728702BEC0043EBA2 /* Base */ = {isa = PBXFileReference; lastKnownFileType = file.storyboard; name = Base; path = Base.lproj/LaunchScreen.storyboard; sourceTree = "<group>"; };
		8B8E441928702BEC0043EBA2 /* Info.plist */ = {isa = PBXFileReference; lastKnownFileType = text.plist.xml; path = Info.plist; sourceTree = "<group>"; };
		8B8E441E28702BEC0043EBA2 /* TechnicalTestTests.xctest */ = {isa = PBXFileReference; explicitFileType = wrapper.cfbundle; includeInIndex = 0; path = TechnicalTestTests.xctest; sourceTree = BUILT_PRODUCTS_DIR; };
		8B8E442228702BEC0043EBA2 /* TechnicalTestTests.swift */ = {isa = PBXFileReference; lastKnownFileType = sourcecode.swift; path = TechnicalTestTests.swift; sourceTree = "<group>"; };
		8B8E442828702BEC0043EBA2 /* TechnicalTestUITests.xctest */ = {isa = PBXFileReference; explicitFileType = wrapper.cfbundle; includeInIndex = 0; path = TechnicalTestUITests.xctest; sourceTree = BUILT_PRODUCTS_DIR; };
		8B8E442C28702BEC0043EBA2 /* TechnicalTestUITests.swift */ = {isa = PBXFileReference; lastKnownFileType = sourcecode.swift; path = TechnicalTestUITests.swift; sourceTree = "<group>"; };
		8B8E442E28702BEC0043EBA2 /* TechnicalTestUITestsLaunchTests.swift */ = {isa = PBXFileReference; lastKnownFileType = sourcecode.swift; path = TechnicalTestUITestsLaunchTests.swift; sourceTree = "<group>"; };
/* End PBXFileReference section */

/* Begin PBXFrameworksBuildPhase section */
		8B8E440528702BE80043EBA2 /* Frameworks */ = {
			isa = PBXFrameworksBuildPhase;
			buildActionMask = 2147483647;
			files = (
			);
			runOnlyForDeploymentPostprocessing = 0;
		};
		8B8E441B28702BEC0043EBA2 /* Frameworks */ = {
			isa = PBXFrameworksBuildPhase;
			buildActionMask = 2147483647;
			files = (
			);
			runOnlyForDeploymentPostprocessing = 0;
		};
		8B8E442528702BEC0043EBA2 /* Frameworks */ = {
			isa = PBXFrameworksBuildPhase;
			buildActionMask = 2147483647;
			files = (
			);
			runOnlyForDeploymentPostprocessing = 0;
		};
/* End PBXFrameworksBuildPhase section */

/* Begin PBXGroup section */
		8B8E43FF28702BE80043EBA2 = {
			isa = PBXGroup;
			children = (
				8B8E440A28702BE80043EBA2 /* TechnicalTest */,
				8B8E442128702BEC0043EBA2 /* TechnicalTestTests */,
				8B8E442B28702BEC0043EBA2 /* TechnicalTestUITests */,
				8B8E440928702BE80043EBA2 /* Products */,
			);
			sourceTree = "<group>";
		};
		8B8E440928702BE80043EBA2 /* Products */ = {
			isa = PBXGroup;
			children = (
				8B8E440828702BE80043EBA2 /* TechnicalTest.app */,
				8B8E441E28702BEC0043EBA2 /* TechnicalTestTests.xctest */,
				8B8E442828702BEC0043EBA2 /* TechnicalTestUITests.xctest */,
			);
			name = Products;
			sourceTree = "<group>";
		};
		8B8E440A28702BE80043EBA2 /* TechnicalTest */ = {
			isa = PBXGroup;
			children = (
				8B8E440B28702BE80043EBA2 /* AppDelegate.swift */,
				8B8E440D28702BE80043EBA2 /* SceneDelegate.swift */,
				8B8E440F28702BE80043EBA2 /* ViewController.swift */,
				8B8E441128702BE80043EBA2 /* Main.storyboard */,
				8B8E441428702BEC0043EBA2 /* Assets.xcassets */,
				8B8E441628702BEC0043EBA2 /* LaunchScreen.storyboard */,
				8B8E441928702BEC0043EBA2 /* Info.plist */,
			);
			path = TechnicalTest;
			sourceTree = "<group>";
		};
		8B8E442128702BEC0043EBA2 /* TechnicalTestTests */ = {
			isa = PBXGroup;
			children = (
				8B8E442228702BEC0043EBA2 /* TechnicalTestTests.swift */,
			);
			path = TechnicalTestTests;
			sourceTree = "<group>";
		};
		8B8E442B28702BEC0043EBA2 /* TechnicalTestUITests */ = {
			isa = PBXGroup;
			children = (
				8B8E442C28702BEC0043EBA2 /* TechnicalTestUITests.swift */,
				8B8E442E28702BEC0043EBA2 /* TechnicalTestUITestsLaunchTests.swift */,
			);
			path = TechnicalTestUITests;
			sourceTree = "<group>";
		};
/* End PBXGroup section */

/* Begin PBXNativeTarget section */
		8B8E440728702BE80043EBA2 /* TechnicalTest */ = {
			isa = PBXNativeTarget;
			buildConfigurationList = 8B8E443228702BEC0043EBA2 /* Build configuration list for PBXNativeTarget "TechnicalTest" */;
			buildPhases = (
				8B8E440428702BE80043EBA2 /* Sources */,
				8B8E440528702BE80043EBA2 /* Frameworks */,
				8B8E440628702BE80043EBA2 /* Resources */,
			);
			buildRules = (
			);
			dependencies = (
			);
			name = TechnicalTest;
			productName = TechnicalTest;
			productReference = 8B8E440828702BE80043EBA2 /* TechnicalTest.app */;
			productType = "com.apple.product-type.application";
		};
		8B8E441D28702BEC0043EBA2 /* TechnicalTestTests */ = {
			isa = PBXNativeTarget;
			buildConfigurationList = 8B8E443528702BEC0043EBA2 /* Build configuration list for PBXNativeTarget "TechnicalTestTests" */;
			buildPhases = (
				8B8E441A28702BEC0043EBA2 /* Sources */,
				8B8E441B28702BEC0043EBA2 /* Frameworks */,
				8B8E441C28702BEC0043EBA2 /* Resources */,
			);
			buildRules = (
			);
			dependencies = (
				8B8E442028702BEC0043EBA2 /* PBXTargetDependency */,
			);
			name = TechnicalTestTests;
			productName = TechnicalTestTests;
			productReference = 8B8E441E28702BEC0043EBA2 /* TechnicalTestTests.xctest */;
			productType = "com.apple.product-type.bundle.unit-test";
		};
		8B8E442728702BEC0043EBA2 /* TechnicalTestUITests */ = {
			isa = PBXNativeTarget;
			buildConfigurationList = 8B8E443828702BEC0043EBA2 /* Build configuration list for PBXNativeTarget "TechnicalTestUITests" */;
			buildPhases = (
				8B8E442428702BEC0043EBA2 /* Sources */,
				8B8E442528702BEC0043EBA2 /* Frameworks */,
				8B8E442628702BEC0043EBA2 /* Resources */,
			);
			buildRules = (
			);
			dependencies = (
				8B8E442A28702BEC0043EBA2 /* PBXTargetDependency */,
			);
			name = TechnicalTestUITests;
			productName = TechnicalTestUITests;
			productReference = 8B8E442828702BEC0043EBA2 /* TechnicalTestUITests.xctest */;
			productType = "com.apple.product-type.bundle.ui-testing";
		};
/* End PBXNativeTarget section */

/* Begin PBXProject section */
		8B8E440028702BE80043EBA2 /* Project object */ = {
			isa = PBXProject;
			attributes = {
				BuildIndependentTargetsInParallel = 1;
				LastSwiftUpdateCheck = 1340;
				LastUpgradeCheck = 1340;
				TargetAttributes = {
					8B8E440728702BE80043EBA2 = {
						CreatedOnToolsVersion = 13.4.1;
					};
					8B8E441D28702BEC0043EBA2 = {
						CreatedOnToolsVersion = 13.4.1;
						TestTargetID = 8B8E440728702BE80043EBA2;
					};
					8B8E442728702BEC0043EBA2 = {
						CreatedOnToolsVersion = 13.4.1;
						TestTargetID = 8B8E440728702BE80043EBA2;
					};
				};
			};
			buildConfigurationList = 8B8E440328702BE80043EBA2 /* Build configuration list for PBXProject "TechnicalTest" */;
			compatibilityVersion = "Xcode 13.0";
			developmentRegion = en;
			hasScannedForEncodings = 0;
			knownRegions = (
				en,
				Base,
			);
			mainGroup = 8B8E43FF28702BE80043EBA2;
			productRefGroup = 8B8E440928702BE80043EBA2 /* Products */;
			projectDirPath = "";
			projectRoot = "";
			targets = (
				8B8E440728702BE80043EBA2 /* TechnicalTest */,
				8B8E441D28702BEC0043EBA2 /* TechnicalTestTests */,
				8B8E442728702BEC0043EBA2 /* TechnicalTestUITests */,
			);
		};
/* End PBXProject section */

/* Begin PBXResourcesBuildPhase section */
		8B8E440628702BE80043EBA2 /* Resources */ = {
			isa = PBXResourcesBuildPhase;
			buildActionMask = 2147483647;
			files = (
				8B8E441828702BEC0043EBA2 /* LaunchScreen.storyboard in Resources */,
				8B8E441528702BEC0043EBA2 /* Assets.xcassets in Resources */,
				8B8E441328702BE80043EBA2 /* Main.storyboard in Resources */,
			);
			runOnlyForDeploymentPostprocessing = 0;
		};
		8B8E441C28702BEC0043EBA2 /* Resources */ = {
			isa = PBXResourcesBuildPhase;
			buildActionMask = 2147483647;
			files = (
			);
			runOnlyForDeploymentPostprocessing = 0;
		};
		8B8E442628702BEC0043EBA2 /* Resources */ = {
			isa = PBXResourcesBuildPhase;
			buildActionMask = 2147483647;
			files = (
			);
			runOnlyForDeploymentPostprocessing = 0;
		};
/* End PBXResourcesBuildPhase section */

/* Begin PBXSourcesBuildPhase section */
		8B8E440428702BE80043EBA2 /* Sources */ = {
			isa = PBXSourcesBuildPhase;
			buildActionMask = 2147483647;
			files = (
				8B8E441028702BE80043EBA2 /* ViewController.swift in Sources */,
				8B8E440C28702BE80043EBA2 /* AppDelegate.swift in Sources */,
				8B8E440E28702BE80043EBA2 /* SceneDelegate.swift in Sources */,
			);
			runOnlyForDeploymentPostprocessing = 0;
		};
		8B8E441A28702BEC0043EBA2 /* Sources */ = {
			isa = PBXSourcesBuildPhase;
			buildActionMask = 2147483647;
			files = (
				8B8E442328702BEC0043EBA2 /* TechnicalTestTests.swift in Sources */,
			);
			runOnlyForDeploymentPostprocessing = 0;
		};
		8B8E442428702BEC0043EBA2 /* Sources */ = {
			isa = PBXSourcesBuildPhase;
			buildActionMask = 2147483647;
			files = (
				8B8E442F28702BEC0043EBA2 /* TechnicalTestUITestsLaunchTests.swift in Sources */,
				8B8E442D28702BEC0043EBA2 /* TechnicalTestUITests.swift in Sources */,
			);
			runOnlyForDeploymentPostprocessing = 0;
		};
/* End PBXSourcesBuildPhase section */

/* Begin PBXTargetDependency section */
		8B8E442028702BEC0043EBA2 /* PBXTargetDependency */ = {
			isa = PBXTargetDependency;
			target = 8B8E440728702BE80043EBA2 /* TechnicalTest */;
			targetProxy = 8B8E441F28702BEC0043EBA2 /* PBXContainerItemProxy */;
		};
		8B8E442A28702BEC0043EBA2 /* PBXTargetDependency */ = {
			isa = PBXTargetDependency;
			target = 8B8E440728702BE80043EBA2 /* TechnicalTest */;
			targetProxy = 8B8E442928702BEC0043EBA2 /* PBXContainerItemProxy */;
		};
/* End PBXTargetDependency section */

/* Begin PBXVariantGroup section */
		8B8E441128702BE80043EBA2 /* Main.storyboard */ = {
			isa = PBXVariantGroup;
			children = (
				8B8E441228702BE80043EBA2 /* Base */,
			);
			name = Main.storyboard;
			sourceTree = "<group>";
		};
		8B8E441628702BEC0043EBA2 /* LaunchScreen.storyboard */ = {
			isa = PBXVariantGroup;
			children = (
				8B8E441728702BEC0043EBA2 /* Base */,
			);
			name = LaunchScreen.storyboard;
			sourceTree = "<group>";
		};
/* End PBXVariantGroup section */

/* Begin XCBuildConfiguration section */
		8B8E443028702BEC0043EBA2 /* Debug */ = {
			isa = XCBuildConfiguration;
			buildSettings = {
				ALWAYS_SEARCH_USER_PATHS = NO;
				CLANG_ANALYZER_NONNULL = YES;
				CLANG_ANALYZER_NUMBER_OBJECT_CONVERSION = YES_AGGRESSIVE;
				CLANG_CXX_LANGUAGE_STANDARD = "gnu++17";
				CLANG_ENABLE_MODULES = YES;
				CLANG_ENABLE_OBJC_ARC = YES;
				CLANG_ENABLE_OBJC_WEAK = YES;
				CLANG_WARN_BLOCK_CAPTURE_AUTORELEASING = YES;
				CLANG_WARN_BOOL_CONVERSION = YES;
				CLANG_WARN_COMMA = YES;
				CLANG_WARN_CONSTANT_CONVERSION = YES;
				CLANG_WARN_DEPRECATED_OBJC_IMPLEMENTATIONS = YES;
				CLANG_WARN_DIRECT_OBJC_ISA_USAGE = YES_ERROR;
				CLANG_WARN_DOCUMENTATION_COMMENTS = YES;
				CLANG_WARN_EMPTY_BODY = YES;
				CLANG_WARN_ENUM_CONVERSION = YES;
				CLANG_WARN_INFINITE_RECURSION = YES;
				CLANG_WARN_INT_CONVERSION = YES;
				CLANG_WARN_NON_LITERAL_NULL_CONVERSION = YES;
				CLANG_WARN_OBJC_IMPLICIT_RETAIN_SELF = YES;
				CLANG_WARN_OBJC_LITERAL_CONVERSION = YES;
				CLANG_WARN_OBJC_ROOT_CLASS = YES_ERROR;
				CLANG_WARN_QUOTED_INCLUDE_IN_FRAMEWORK_HEADER = YES;
				CLANG_WARN_RANGE_LOOP_ANALYSIS = YES;
				CLANG_WARN_STRICT_PROTOTYPES = YES;
				CLANG_WARN_SUSPICIOUS_MOVE = YES;
				CLANG_WARN_UNGUARDED_AVAILABILITY = YES_AGGRESSIVE;
				CLANG_WARN_UNREACHABLE_CODE = YES;
				CLANG_WARN__DUPLICATE_METHOD_MATCH = YES;
				COPY_PHASE_STRIP = NO;
				DEBUG_INFORMATION_FORMAT = dwarf;
				ENABLE_STRICT_OBJC_MSGSEND = YES;
				ENABLE_TESTABILITY = YES;
				GCC_C_LANGUAGE_STANDARD = gnu11;
				GCC_DYNAMIC_NO_PIC = NO;
				GCC_NO_COMMON_BLOCKS = YES;
				GCC_OPTIMIZATION_LEVEL = 0;
				GCC_PREPROCESSOR_DEFINITIONS = (
					"DEBUG=1",
					"$(inherited)",
				);
				GCC_WARN_64_TO_32_BIT_CONVERSION = YES;
				GCC_WARN_ABOUT_RETURN_TYPE = YES_ERROR;
				GCC_WARN_UNDECLARED_SELECTOR = YES;
				GCC_WARN_UNINITIALIZED_AUTOS = YES_AGGRESSIVE;
				GCC_WARN_UNUSED_FUNCTION = YES;
				GCC_WARN_UNUSED_VARIABLE = YES;
				IPHONEOS_DEPLOYMENT_TARGET = 15.5;
				MTL_ENABLE_DEBUG_INFO = INCLUDE_SOURCE;
				MTL_FAST_MATH = YES;
				ONLY_ACTIVE_ARCH = YES;
				SDKROOT = iphoneos;
				SWIFT_ACTIVE_COMPILATION_CONDITIONS = DEBUG;
				SWIFT_OPTIMIZATION_LEVEL = "-Onone";
			};
			name = Debug;
		};
		8B8E443128702BEC0043EBA2 /* Release */ = {
			isa = XCBuildConfiguration;
			buildSettings = {
				ALWAYS_SEARCH_USER_PATHS = NO;
				CLANG_ANALYZER_NONNULL = YES;
				CLANG_ANALYZER_NUMBER_OBJECT_CONVERSION = YES_AGGRESSIVE;
				CLANG_CXX_LANGUAGE_STANDARD = "gnu++17";
				CLANG_ENABLE_MODULES = YES;
				CLANG_ENABLE_OBJC_ARC = YES;
				CLANG_ENABLE_OBJC_WEAK = YES;
				CLANG_WARN_BLOCK_CAPTURE_AUTORELEASING = YES;
				CLANG_WARN_BOOL_CONVERSION = YES;
				CLANG_WARN_COMMA = YES;
				CLANG_WARN_CONSTANT_CONVERSION = YES;
				CLANG_WARN_DEPRECATED_OBJC_IMPLEMENTATIONS = YES;
				CLANG_WARN_DIRECT_OBJC_ISA_USAGE = YES_ERROR;
				CLANG_WARN_DOCUMENTATION_COMMENTS = YES;
				CLANG_WARN_EMPTY_BODY = YES;
				CLANG_WARN_ENUM_CONVERSION = YES;
				CLANG_WARN_INFINITE_RECURSION = YES;
				CLANG_WARN_INT_CONVERSION = YES;
				CLANG_WARN_NON_LITERAL_NULL_CONVERSION = YES;
				CLANG_WARN_OBJC_IMPLICIT_RETAIN_SELF = YES;
				CLANG_WARN_OBJC_LITERAL_CONVERSION = YES;
				CLANG_WARN_OBJC_ROOT_CLASS = YES_ERROR;
				CLANG_WARN_QUOTED_INCLUDE_IN_FRAMEWORK_HEADER = YES;
				CLANG_WARN_RANGE_LOOP_ANALYSIS = YES;
				CLANG_WARN_STRICT_PROTOTYPES = YES;
				CLANG_WARN_SUSPICIOUS_MOVE = YES;
				CLANG_WARN_UNGUARDED_AVAILABILITY = YES_AGGRESSIVE;
				CLANG_WARN_UNREACHABLE_CODE = YES;
				CLANG_WARN__DUPLICATE_METHOD_MATCH = YES;
				COPY_PHASE_STRIP = NO;
				DEBUG_INFORMATION_FORMAT = "dwarf-with-dsym";
				ENABLE_NS_ASSERTIONS = NO;
				ENABLE_STRICT_OBJC_MSGSEND = YES;
				GCC_C_LANGUAGE_STANDARD = gnu11;
				GCC_NO_COMMON_BLOCKS = YES;
				GCC_WARN_64_TO_32_BIT_CONVERSION = YES;
				GCC_WARN_ABOUT_RETURN_TYPE = YES_ERROR;
				GCC_WARN_UNDECLARED_SELECTOR = YES;
				GCC_WARN_UNINITIALIZED_AUTOS = YES_AGGRESSIVE;
				GCC_WARN_UNUSED_FUNCTION = YES;
				GCC_WARN_UNUSED_VARIABLE = YES;
				IPHONEOS_DEPLOYMENT_TARGET = 15.5;
				MTL_ENABLE_DEBUG_INFO = NO;
				MTL_FAST_MATH = YES;
				SDKROOT = iphoneos;
				SWIFT_COMPILATION_MODE = wholemodule;
				SWIFT_OPTIMIZATION_LEVEL = "-O";
				VALIDATE_PRODUCT = YES;
			};
			name = Release;
		};
		8B8E443328702BEC0043EBA2 /* Debug */ = {
			isa = XCBuildConfiguration;
			buildSettings = {
				ASSETCATALOG_COMPILER_APPICON_NAME = AppIcon;
				ASSETCATALOG_COMPILER_GLOBAL_ACCENT_COLOR_NAME = AccentColor;
				CODE_SIGN_STYLE = Automatic;
				CURRENT_PROJECT_VERSION = 1;
				GENERATE_INFOPLIST_FILE = YES;
				INFOPLIST_FILE = TechnicalTest/Info.plist;
				INFOPLIST_KEY_UIApplicationSupportsIndirectInputEvents = YES;
				INFOPLIST_KEY_UILaunchStoryboardName = LaunchScreen;
				INFOPLIST_KEY_UIMainStoryboardFile = Main;
				INFOPLIST_KEY_UISupportedInterfaceOrientations_iPad = "UIInterfaceOrientationPortrait UIInterfaceOrientationPortraitUpsideDown UIInterfaceOrientationLandscapeLeft UIInterfaceOrientationLandscapeRight";
				INFOPLIST_KEY_UISupportedInterfaceOrientations_iPhone = "UIInterfaceOrientationPortrait UIInterfaceOrientationLandscapeLeft UIInterfaceOrientationLandscapeRight";
				LD_RUNPATH_SEARCH_PATHS = (
					"$(inherited)",
					"@executable_path/Frameworks",
				);
				MARKETING_VERSION = 1.0;
				PRODUCT_BUNDLE_IDENTIFIER = com.projectLearning.TechnicalTest;
				PRODUCT_NAME = "$(TARGET_NAME)";
				SWIFT_EMIT_LOC_STRINGS = YES;
				SWIFT_VERSION = 5.0;
				TARGETED_DEVICE_FAMILY = "1,2";
			};
			name = Debug;
		};
		8B8E443428702BEC0043EBA2 /* Release */ = {
			isa = XCBuildConfiguration;
			buildSettings = {
				ASSETCATALOG_COMPILER_APPICON_NAME = AppIcon;
				ASSETCATALOG_COMPILER_GLOBAL_ACCENT_COLOR_NAME = AccentColor;
				CODE_SIGN_STYLE = Automatic;
				CURRENT_PROJECT_VERSION = 1;
				GENERATE_INFOPLIST_FILE = YES;
				INFOPLIST_FILE = TechnicalTest/Info.plist;
				INFOPLIST_KEY_UIApplicationSupportsIndirectInputEvents = YES;
				INFOPLIST_KEY_UILaunchStoryboardName = LaunchScreen;
				INFOPLIST_KEY_UIMainStoryboardFile = Main;
				INFOPLIST_KEY_UISupportedInterfaceOrientations_iPad = "UIInterfaceOrientationPortrait UIInterfaceOrientationPortraitUpsideDown UIInterfaceOrientationLandscapeLeft UIInterfaceOrientationLandscapeRight";
				INFOPLIST_KEY_UISupportedInterfaceOrientations_iPhone = "UIInterfaceOrientationPortrait UIInterfaceOrientationLandscapeLeft UIInterfaceOrientationLandscapeRight";
				LD_RUNPATH_SEARCH_PATHS = (
					"$(inherited)",
					"@executable_path/Frameworks",
				);
				MARKETING_VERSION = 1.0;
				PRODUCT_BUNDLE_IDENTIFIER = com.projectLearning.TechnicalTest;
				PRODUCT_NAME = "$(TARGET_NAME)";
				SWIFT_EMIT_LOC_STRINGS = YES;
				SWIFT_VERSION = 5.0;
				TARGETED_DEVICE_FAMILY = "1,2";
			};
			name = Release;
		};
		8B8E443628702BEC0043EBA2 /* Debug */ = {
			isa = XCBuildConfiguration;
			buildSettings = {
				ALWAYS_EMBED_SWIFT_STANDARD_LIBRARIES = YES;
				BUNDLE_LOADER = "$(TEST_HOST)";
				CODE_SIGN_STYLE = Automatic;
				CURRENT_PROJECT_VERSION = 1;
				GENERATE_INFOPLIST_FILE = YES;
				IPHONEOS_DEPLOYMENT_TARGET = 15.5;
				MARKETING_VERSION = 1.0;
				PRODUCT_BUNDLE_IDENTIFIER = com.projectLearning.TechnicalTestTests;
				PRODUCT_NAME = "$(TARGET_NAME)";
				SWIFT_EMIT_LOC_STRINGS = NO;
				SWIFT_VERSION = 5.0;
				TARGETED_DEVICE_FAMILY = "1,2";
				TEST_HOST = "$(BUILT_PRODUCTS_DIR)/TechnicalTest.app/TechnicalTest";
			};
			name = Debug;
		};
		8B8E443728702BEC0043EBA2 /* Release */ = {
			isa = XCBuildConfiguration;
			buildSettings = {
				ALWAYS_EMBED_SWIFT_STANDARD_LIBRARIES = YES;
				BUNDLE_LOADER = "$(TEST_HOST)";
				CODE_SIGN_STYLE = Automatic;
				CURRENT_PROJECT_VERSION = 1;
				GENERATE_INFOPLIST_FILE = YES;
				IPHONEOS_DEPLOYMENT_TARGET = 15.5;
				MARKETING_VERSION = 1.0;
				PRODUCT_BUNDLE_IDENTIFIER = com.projectLearning.TechnicalTestTests;
				PRODUCT_NAME = "$(TARGET_NAME)";
				SWIFT_EMIT_LOC_STRINGS = NO;
				SWIFT_VERSION = 5.0;
				TARGETED_DEVICE_FAMILY = "1,2";
				TEST_HOST = "$(BUILT_PRODUCTS_DIR)/TechnicalTest.app/TechnicalTest";
			};
			name = Release;
		};
		8B8E443928702BEC0043EBA2 /* Debug */ = {
			isa = XCBuildConfiguration;
			buildSettings = {
				ALWAYS_EMBED_SWIFT_STANDARD_LIBRARIES = YES;
				CODE_SIGN_STYLE = Automatic;
				CURRENT_PROJECT_VERSION = 1;
				GENERATE_INFOPLIST_FILE = YES;
				MARKETING_VERSION = 1.0;
				PRODUCT_BUNDLE_IDENTIFIER = com.projectLearning.TechnicalTestUITests;
				PRODUCT_NAME = "$(TARGET_NAME)";
				SWIFT_EMIT_LOC_STRINGS = NO;
				SWIFT_VERSION = 5.0;
				TARGETED_DEVICE_FAMILY = "1,2";
				TEST_TARGET_NAME = TechnicalTest;
			};
			name = Debug;
		};
		8B8E443A28702BEC0043EBA2 /* Release */ = {
			isa = XCBuildConfiguration;
			buildSettings = {
				ALWAYS_EMBED_SWIFT_STANDARD_LIBRARIES = YES;
				CODE_SIGN_STYLE = Automatic;
				CURRENT_PROJECT_VERSION = 1;
				GENERATE_INFOPLIST_FILE = YES;
				MARKETING_VERSION = 1.0;
				PRODUCT_BUNDLE_IDENTIFIER = com.projectLearning.TechnicalTestUITests;
				PRODUCT_NAME = "$(TARGET_NAME)";
				SWIFT_EMIT_LOC_STRINGS = NO;
				SWIFT_VERSION = 5.0;
				TARGETED_DEVICE_FAMILY = "1,2";
				TEST_TARGET_NAME = TechnicalTest;
			};
			name = Release;
		};
/* End XCBuildConfiguration section */

/* Begin XCConfigurationList section */
		8B8E440328702BE80043EBA2 /* Build configuration list for PBXProject "TechnicalTest" */ = {
			isa = XCConfigurationList;
			buildConfigurations = (
				8B8E443028702BEC0043EBA2 /* Debug */,
				8B8E443128702BEC0043EBA2 /* Release */,
			);
			defaultConfigurationIsVisible = 0;
			defaultConfigurationName = Release;
		};
		8B8E443228702BEC0043EBA2 /* Build configuration list for PBXNativeTarget "TechnicalTest" */ = {
			isa = XCConfigurationList;
			buildConfigurations = (
				8B8E443328702BEC0043EBA2 /* Debug */,
				8B8E443428702BEC0043EBA2 /* Release */,
			);
			defaultConfigurationIsVisible = 0;
			defaultConfigurationName = Release;
		};
		8B8E443528702BEC0043EBA2 /* Build configuration list for PBXNativeTarget "TechnicalTestTests" */ = {
			isa = XCConfigurationList;
			buildConfigurations = (
				8B8E443628702BEC0043EBA2 /* Debug */,
				8B8E443728702BEC0043EBA2 /* Release */,
			);
			defaultConfigurationIsVisible = 0;
			defaultConfigurationName = Release;
		};
		8B8E443828702BEC0043EBA2 /* Build configuration list for PBXNativeTarget "TechnicalTestUITests" */ = {
			isa = XCConfigurationList;
			buildConfigurations = (
				8B8E443928702BEC0043EBA2 /* Debug */,
				8B8E443A28702BEC0043EBA2 /* Release */,
			);
			defaultConfigurationIsVisible = 0;
			defaultConfigurationName = Release;
		};
/* End XCConfigurationList section */
	};
	rootObject = 8B8E440028702BE80043EBA2 /* Project object */;
}
